
Microsoft Visual Studio Solution File, Format Version 12.00
# Visual Studio Version 17
VisualStudioVersion = 17.11.35312.102
MinimumVisualStudioVersion = 10.0.40219.1
Project("{FAE04EC0-301F-11D3-BF4B-00C04F79EFBC}") = "PostToPoint.Powerpoint", "PostToPoint.Powerpoint.csproj", "{1468F9B9-F76F-4C5E-B0AE-1E1D3B65D32A}"
EndProject
Global
	GlobalSection(SolutionConfigurationPlatforms) = preSolution
		Debug|Any CPU = Debug|Any CPU
		Release|Any CPU = Release|Any CPU
	EndGlobalSection
	GlobalSection(ProjectConfigurationPlatforms) = postSolution
		{1468F9B9-F76F-4C5E-B0AE-1E1D3B65D32A}.Debug|Any CPU.ActiveCfg = Debug|Any CPU
		{1468F9B9-F76F-4C5E-B0AE-1E1D3B65D32A}.Debug|Any CPU.Build.0 = Debug|Any CPU
		{1468F9B9-F76F-4C5E-B0AE-1E1D3B65D32A}.Release|Any CPU.ActiveCfg = Release|Any CPU
		{1468F9B9-F76F-4C5E-B0AE-1E1D3B65D32A}.Release|Any CPU.Build.0 = Release|Any CPU
	EndGlobalSection
	GlobalSection(SolutionProperties) = preSolution
		HideSolutionNode = FALSE
	EndGlobalSection
	GlobalSection(ExtensibilityGlobals) = postSolution
		SolutionGuid = {030D3121-76A3-404C-84CB-8ED0FC8A1C51}
	EndGlobalSection
EndGlobal
